// !$*UTF8*$!
{
	archiveVersion = 1;
	classes = {
	};
	objectVersion = 48;
	objects = {

/* Begin PBXBuildFile section */
		AB1F77B32006A0DD003EB828 /* AppDelegate.swift in Sources */ = {isa = PBXBuildFile; fileRef = AB1F77B22006A0DD003EB828 /* AppDelegate.swift */; };
		AB1F77B52006A0DD003EB828 /* ViewController.swift in Sources */ = {isa = PBXBuildFile; fileRef = AB1F77B42006A0DD003EB828 /* ViewController.swift */; };
		AB1F77B82006A0DD003EB828 /* Main.storyboard in Resources */ = {isa = PBXBuildFile; fileRef = AB1F77B62006A0DD003EB828 /* Main.storyboard */; };
		AB1F77BA2006A0DD003EB828 /* Assets.xcassets in Resources */ = {isa = PBXBuildFile; fileRef = AB1F77B92006A0DD003EB828 /* Assets.xcassets */; };
		AB1F77BD2006A0DD003EB828 /* LaunchScreen.storyboard in Resources */ = {isa = PBXBuildFile; fileRef = AB1F77BB2006A0DD003EB828 /* LaunchScreen.storyboard */; };
		AB1F77C82006A0DD003EB828 /* iOSQuizTests.swift in Sources */ = {isa = PBXBuildFile; fileRef = AB1F77C72006A0DD003EB828 /* iOSQuizTests.swift */; };
		AB1F77D32006A0DD003EB828 /* iOSQuizUITests.swift in Sources */ = {isa = PBXBuildFile; fileRef = AB1F77D22006A0DD003EB828 /* iOSQuizUITests.swift */; };
/* End PBXBuildFile section */

/* Begin PBXContainerItemProxy section */
		AB1F77C42006A0DD003EB828 /* PBXContainerItemProxy */ = {
			isa = PBXContainerItemProxy;
			containerPortal = AB1F77A72006A0DC003EB828 /* Project object */;
			proxyType = 1;
			remoteGlobalIDString = AB1F77AE2006A0DC003EB828;
			remoteInfo = iOSQuiz;
		};
		AB1F77CF2006A0DD003EB828 /* PBXContainerItemProxy */ = {
			isa = PBXContainerItemProxy;
			containerPortal = AB1F77A72006A0DC003EB828 /* Project object */;
			proxyType = 1;
			remoteGlobalIDString = AB1F77AE2006A0DC003EB828;
			remoteInfo = iOSQuiz;
		};
/* End PBXContainerItemProxy section */

/* Begin PBXFileReference section */
		AB1F77AF2006A0DD003EB828 /* iOSQuiz.app */ = {isa = PBXFileReference; explicitFileType = wrapper.application; includeInIndex = 0; path = iOSQuiz.app; sourceTree = BUILT_PRODUCTS_DIR; };
		AB1F77B22006A0DD003EB828 /* AppDelegate.swift */ = {isa = PBXFileReference; lastKnownFileType = sourcecode.swift; path = AppDelegate.swift; sourceTree = "<group>"; };
		AB1F77B42006A0DD003EB828 /* ViewController.swift */ = {isa = PBXFileReference; lastKnownFileType = sourcecode.swift; path = ViewController.swift; sourceTree = "<group>"; };
		AB1F77B72006A0DD003EB828 /* Base */ = {isa = PBXFileReference; lastKnownFileType = file.storyboard; name = Base; path = Base.lproj/Main.storyboard; sourceTree = "<group>"; };
		AB1F77B92006A0DD003EB828 /* Assets.xcassets */ = {isa = PBXFileReference; lastKnownFileType = folder.assetcatalog; path = Assets.xcassets; sourceTree = "<group>"; };
		AB1F77BC2006A0DD003EB828 /* Base */ = {isa = PBXFileReference; lastKnownFileType = file.storyboard; name = Base; path = Base.lproj/LaunchScreen.storyboard; sourceTree = "<group>"; };
		AB1F77BE2006A0DD003EB828 /* Info.plist */ = {isa = PBXFileReference; lastKnownFileType = text.plist.xml; path = Info.plist; sourceTree = "<group>"; };
		AB1F77C32006A0DD003EB828 /* iOSQuizTests.xctest */ = {isa = PBXFileReference; explicitFileType = wrapper.cfbundle; includeInIndex = 0; path = iOSQuizTests.xctest; sourceTree = BUILT_PRODUCTS_DIR; };
		AB1F77C72006A0DD003EB828 /* iOSQuizTests.swift */ = {isa = PBXFileReference; lastKnownFileType = sourcecode.swift; path = iOSQuizTests.swift; sourceTree = "<group>"; };
		AB1F77C92006A0DD003EB828 /* Info.plist */ = {isa = PBXFileReference; lastKnownFileType = text.plist.xml; path = Info.plist; sourceTree = "<group>"; };
		AB1F77CE2006A0DD003EB828 /* iOSQuizUITests.xctest */ = {isa = PBXFileReference; explicitFileType = wrapper.cfbundle; includeInIndex = 0; path = iOSQuizUITests.xctest; sourceTree = BUILT_PRODUCTS_DIR; };
		AB1F77D22006A0DD003EB828 /* iOSQuizUITests.swift */ = {isa = PBXFileReference; lastKnownFileType = sourcecode.swift; path = iOSQuizUITests.swift; sourceTree = "<group>"; };
		AB1F77D42006A0DD003EB828 /* Info.plist */ = {isa = PBXFileReference; lastKnownFileType = text.plist.xml; path = Info.plist; sourceTree = "<group>"; };
/* End PBXFileReference section */

/* Begin PBXFrameworksBuildPhase section */
		AB1F77AC2006A0DC003EB828 /* Frameworks */ = {
			isa = PBXFrameworksBuildPhase;
			buildActionMask = 2147483647;
			files = (
			);
			runOnlyForDeploymentPostprocessing = 0;
		};
		AB1F77C02006A0DD003EB828 /* Frameworks */ = {
			isa = PBXFrameworksBuildPhase;
			buildActionMask = 2147483647;
			files = (
			);
			runOnlyForDeploymentPostprocessing = 0;
		};
		AB1F77CB2006A0DD003EB828 /* Frameworks */ = {
			isa = PBXFrameworksBuildPhase;
			buildActionMask = 2147483647;
			files = (
			);
			runOnlyForDeploymentPostprocessing = 0;
		};
/* End PBXFrameworksBuildPhase section */

/* Begin PBXGroup section */
		AB1F77A62006A0DC003EB828 = {
			isa = PBXGroup;
			children = (
				AB1F77B12006A0DD003EB828 /* iOSQuiz */,
				AB1F77C62006A0DD003EB828 /* iOSQuizTests */,
				AB1F77D12006A0DD003EB828 /* iOSQuizUITests */,
				AB1F77B02006A0DD003EB828 /* Products */,
			);
			sourceTree = "<group>";
		};
		AB1F77B02006A0DD003EB828 /* Products */ = {
			isa = PBXGroup;
			children = (
				AB1F77AF2006A0DD003EB828 /* iOSQuiz.app */,
				AB1F77C32006A0DD003EB828 /* iOSQuizTests.xctest */,
				AB1F77CE2006A0DD003EB828 /* iOSQuizUITests.xctest */,
			);
			name = Products;
			sourceTree = "<group>";
		};
		AB1F77B12006A0DD003EB828 /* iOSQuiz */ = {
			isa = PBXGroup;
			children = (
				AB1F77B22006A0DD003EB828 /* AppDelegate.swift */,
				AB1F77B42006A0DD003EB828 /* ViewController.swift */,
				AB1F77B62006A0DD003EB828 /* Main.storyboard */,
				AB1F77B92006A0DD003EB828 /* Assets.xcassets */,
				AB1F77BB2006A0DD003EB828 /* LaunchScreen.storyboard */,
				AB1F77BE2006A0DD003EB828 /* Info.plist */,
			);
			path = iOSQuiz;
			sourceTree = "<group>";
		};
		AB1F77C62006A0DD003EB828 /* iOSQuizTests */ = {
			isa = PBXGroup;
			children = (
				AB1F77C72006A0DD003EB828 /* iOSQuizTests.swift */,
				AB1F77C92006A0DD003EB828 /* Info.plist */,
			);
			path = iOSQuizTests;
			sourceTree = "<group>";
		};
		AB1F77D12006A0DD003EB828 /* iOSQuizUITests */ = {
			isa = PBXGroup;
			children = (
				AB1F77D22006A0DD003EB828 /* iOSQuizUITests.swift */,
				AB1F77D42006A0DD003EB828 /* Info.plist */,
			);
			path = iOSQuizUITests;
			sourceTree = "<group>";
		};
/* End PBXGroup section */

/* Begin PBXNativeTarget section */
		AB1F77AE2006A0DC003EB828 /* iOSQuiz */ = {
			isa = PBXNativeTarget;
			buildConfigurationList = AB1F77D72006A0DD003EB828 /* Build configuration list for PBXNativeTarget "iOSQuiz" */;
			buildPhases = (
				AB1F77AB2006A0DC003EB828 /* Sources */,
				AB1F77AC2006A0DC003EB828 /* Frameworks */,
				AB1F77AD2006A0DC003EB828 /* Resources */,
			);
			buildRules = (
			);
			dependencies = (
			);
			name = iOSQuiz;
			productName = iOSQuiz;
			productReference = AB1F77AF2006A0DD003EB828 /* iOSQuiz.app */;
			productType = "com.apple.product-type.application";
		};
		AB1F77C22006A0DD003EB828 /* iOSQuizTests */ = {
			isa = PBXNativeTarget;
			buildConfigurationList = AB1F77DA2006A0DD003EB828 /* Build configuration list for PBXNativeTarget "iOSQuizTests" */;
			buildPhases = (
				AB1F77BF2006A0DD003EB828 /* Sources */,
				AB1F77C02006A0DD003EB828 /* Frameworks */,
				AB1F77C12006A0DD003EB828 /* Resources */,
			);
			buildRules = (
			);
			dependencies = (
				AB1F77C52006A0DD003EB828 /* PBXTargetDependency */,
			);
			name = iOSQuizTests;
			productName = iOSQuizTests;
			productReference = AB1F77C32006A0DD003EB828 /* iOSQuizTests.xctest */;
			productType = "com.apple.product-type.bundle.unit-test";
		};
		AB1F77CD2006A0DD003EB828 /* iOSQuizUITests */ = {
			isa = PBXNativeTarget;
			buildConfigurationList = AB1F77DD2006A0DD003EB828 /* Build configuration list for PBXNativeTarget "iOSQuizUITests" */;
			buildPhases = (
				AB1F77CA2006A0DD003EB828 /* Sources */,
				AB1F77CB2006A0DD003EB828 /* Frameworks */,
				AB1F77CC2006A0DD003EB828 /* Resources */,
			);
			buildRules = (
			);
			dependencies = (
				AB1F77D02006A0DD003EB828 /* PBXTargetDependency */,
			);
			name = iOSQuizUITests;
			productName = iOSQuizUITests;
			productReference = AB1F77CE2006A0DD003EB828 /* iOSQuizUITests.xctest */;
			productType = "com.apple.product-type.bundle.ui-testing";
		};
/* End PBXNativeTarget section */

/* Begin PBXProject section */
		AB1F77A72006A0DC003EB828 /* Project object */ = {
			isa = PBXProject;
			attributes = {
				LastSwiftUpdateCheck = 0920;
				LastUpgradeCheck = 0920;
				ORGANIZATIONNAME = "Maria Rojo";
				TargetAttributes = {
					AB1F77AE2006A0DC003EB828 = {
						CreatedOnToolsVersion = 9.2;
						ProvisioningStyle = Automatic;
					};
					AB1F77C22006A0DD003EB828 = {
						CreatedOnToolsVersion = 9.2;
						ProvisioningStyle = Automatic;
						TestTargetID = AB1F77AE2006A0DC003EB828;
					};
					AB1F77CD2006A0DD003EB828 = {
						CreatedOnToolsVersion = 9.2;
						ProvisioningStyle = Automatic;
						TestTargetID = AB1F77AE2006A0DC003EB828;
					};
				};
			};
			buildConfigurationList = AB1F77AA2006A0DC003EB828 /* Build configuration list for PBXProject "iOSQuiz" */;
			compatibilityVersion = "Xcode 8.0";
			developmentRegion = en;
			hasScannedForEncodings = 0;
			knownRegions = (
				en,
				Base,
			);
			mainGroup = AB1F77A62006A0DC003EB828;
			productRefGroup = AB1F77B02006A0DD003EB828 /* Products */;
			projectDirPath = "";
			projectRoot = "";
			targets = (
				AB1F77AE2006A0DC003EB828 /* iOSQuiz */,
				AB1F77C22006A0DD003EB828 /* iOSQuizTests */,
				AB1F77CD2006A0DD003EB828 /* iOSQuizUITests */,
			);
		};
/* End PBXProject section */

/* Begin PBXResourcesBuildPhase section */
		AB1F77AD2006A0DC003EB828 /* Resources */ = {
			isa = PBXResourcesBuildPhase;
			buildActionMask = 2147483647;
			files = (
				AB1F77BD2006A0DD003EB828 /* LaunchScreen.storyboard in Resources */,
				AB1F77BA2006A0DD003EB828 /* Assets.xcassets in Resources */,
				AB1F77B82006A0DD003EB828 /* Main.storyboard in Resources */,
			);
			runOnlyForDeploymentPostprocessing = 0;
		};
		AB1F77C12006A0DD003EB828 /* Resources */ = {
			isa = PBXResourcesBuildPhase;
			buildActionMask = 2147483647;
			files = (
			);
			runOnlyForDeploymentPostprocessing = 0;
		};
		AB1F77CC2006A0DD003EB828 /* Resources */ = {
			isa = PBXResourcesBuildPhase;
			buildActionMask = 2147483647;
			files = (
			);
			runOnlyForDeploymentPostprocessing = 0;
		};
/* End PBXResourcesBuildPhase section */

/* Begin PBXSourcesBuildPhase section */
		AB1F77AB2006A0DC003EB828 /* Sources */ = {
			isa = PBXSourcesBuildPhase;
			buildActionMask = 2147483647;
			files = (
				AB1F77B52006A0DD003EB828 /* ViewController.swift in Sources */,
				AB1F77B32006A0DD003EB828 /* AppDelegate.swift in Sources */,
			);
			runOnlyForDeploymentPostprocessing = 0;
		};
		AB1F77BF2006A0DD003EB828 /* Sources */ = {
			isa = PBXSourcesBuildPhase;
			buildActionMask = 2147483647;
			files = (
				AB1F77C82006A0DD003EB828 /* iOSQuizTests.swift in Sources */,
			);
			runOnlyForDeploymentPostprocessing = 0;
		};
		AB1F77CA2006A0DD003EB828 /* Sources */ = {
			isa = PBXSourcesBuildPhase;
			buildActionMask = 2147483647;
			files = (
				AB1F77D32006A0DD003EB828 /* iOSQuizUITests.swift in Sources */,
			);
			runOnlyForDeploymentPostprocessing = 0;
		};
/* End PBXSourcesBuildPhase section */

/* Begin PBXTargetDependency section */
		AB1F77C52006A0DD003EB828 /* PBXTargetDependency */ = {
			isa = PBXTargetDependency;
			target = AB1F77AE2006A0DC003EB828 /* iOSQuiz */;
			targetProxy = AB1F77C42006A0DD003EB828 /* PBXContainerItemProxy */;
		};
		AB1F77D02006A0DD003EB828 /* PBXTargetDependency */ = {
			isa = PBXTargetDependency;
			target = AB1F77AE2006A0DC003EB828 /* iOSQuiz */;
			targetProxy = AB1F77CF2006A0DD003EB828 /* PBXContainerItemProxy */;
		};
/* End PBXTargetDependency section */

/* Begin PBXVariantGroup section */
		AB1F77B62006A0DD003EB828 /* Main.storyboard */ = {
			isa = PBXVariantGroup;
			children = (
				AB1F77B72006A0DD003EB828 /* Base */,
			);
			name = Main.storyboard;
			sourceTree = "<group>";
		};
		AB1F77BB2006A0DD003EB828 /* LaunchScreen.storyboard */ = {
			isa = PBXVariantGroup;
			children = (
				AB1F77BC2006A0DD003EB828 /* Base */,
			);
			name = LaunchScreen.storyboard;
			sourceTree = "<group>";
		};
/* End PBXVariantGroup section */

/* Begin XCBuildConfiguration section */
		AB1F77D52006A0DD003EB828 /* Debug */ = {
			isa = XCBuildConfiguration;
			buildSettings = {
				ALWAYS_SEARCH_USER_PATHS = NO;
				CLANG_ANALYZER_NONNULL = YES;
				CLANG_ANALYZER_NUMBER_OBJECT_CONVERSION = YES_AGGRESSIVE;
				CLANG_CXX_LANGUAGE_STANDARD = "gnu++14";
				CLANG_CXX_LIBRARY = "libc++";
				CLANG_ENABLE_MODULES = YES;
				CLANG_ENABLE_OBJC_ARC = YES;
				CLANG_WARN_BLOCK_CAPTURE_AUTORELEASING = YES;
				CLANG_WARN_BOOL_CONVERSION = YES;
				CLANG_WARN_COMMA = YES;
				CLANG_WARN_CONSTANT_CONVERSION = YES;
				CLANG_WARN_DIRECT_OBJC_ISA_USAGE = YES_ERROR;
				CLANG_WARN_DOCUMENTATION_COMMENTS = YES;
				CLANG_WARN_EMPTY_BODY = YES;
				CLANG_WARN_ENUM_CONVERSION = YES;
				CLANG_WARN_INFINITE_RECURSION = YES;
				CLANG_WARN_INT_CONVERSION = YES;
				CLANG_WARN_NON_LITERAL_NULL_CONVERSION = YES;
				CLANG_WARN_OBJC_LITERAL_CONVERSION = YES;
				CLANG_WARN_OBJC_ROOT_CLASS = YES_ERROR;
				CLANG_WARN_RANGE_LOOP_ANALYSIS = YES;
				CLANG_WARN_STRICT_PROTOTYPES = YES;
				CLANG_WARN_SUSPICIOUS_MOVE = YES;
				CLANG_WARN_UNGUARDED_AVAILABILITY = YES_AGGRESSIVE;
				CLANG_WARN_UNREACHABLE_CODE = YES;
				CLANG_WARN__DUPLICATE_METHOD_MATCH = YES;
				CODE_SIGN_IDENTITY = "iPhone Developer";
				COPY_PHASE_STRIP = NO;
				DEBUG_INFORMATION_FORMAT = dwarf;
				ENABLE_STRICT_OBJC_MSGSEND = YES;
				ENABLE_TESTABILITY = YES;
				GCC_C_LANGUAGE_STANDARD = gnu11;
				GCC_DYNAMIC_NO_PIC = NO;
				GCC_NO_COMMON_BLOCKS = YES;
				GCC_OPTIMIZATION_LEVEL = 0;
				GCC_PREPROCESSOR_DEFINITIONS = (
					"DEBUG=1",
					"$(inherited)",
				);
				GCC_WARN_64_TO_32_BIT_CONVERSION = YES;
				GCC_WARN_ABOUT_RETURN_TYPE = YES_ERROR;
				GCC_WARN_UNDECLARED_SELECTOR = YES;
				GCC_WARN_UNINITIALIZED_AUTOS = YES_AGGRESSIVE;
				GCC_WARN_UNUSED_FUNCTION = YES;
				GCC_WARN_UNUSED_VARIABLE = YES;
				IPHONEOS_DEPLOYMENT_TARGET = 11.2;
				MTL_ENABLE_DEBUG_INFO = YES;
				ONLY_ACTIVE_ARCH = YES;
				SDKROOT = iphoneos;
				SWIFT_ACTIVE_COMPILATION_CONDITIONS = DEBUG;
				SWIFT_OPTIMIZATION_LEVEL = "-Onone";
			};
			name = Debug;
		};
		AB1F77D62006A0DD003EB828 /* Release */ = {
			isa = XCBuildConfiguration;
			buildSettings = {
				ALWAYS_SEARCH_USER_PATHS = NO;
				CLANG_ANALYZER_NONNULL = YES;
				CLANG_ANALYZER_NUMBER_OBJECT_CONVERSION = YES_AGGRESSIVE;
				CLANG_CXX_LANGUAGE_STANDARD = "gnu++14";
				CLANG_CXX_LIBRARY = "libc++";
				CLANG_ENABLE_MODULES = YES;
				CLANG_ENABLE_OBJC_ARC = YES;
				CLANG_WARN_BLOCK_CAPTURE_AUTORELEASING = YES;
				CLANG_WARN_BOOL_CONVERSION = YES;
				CLANG_WARN_COMMA = YES;
				CLANG_WARN_CONSTANT_CONVERSION = YES;
				CLANG_WARN_DIRECT_OBJC_ISA_USAGE = YES_ERROR;
				CLANG_WARN_DOCUMENTATION_COMMENTS = YES;
				CLANG_WARN_EMPTY_BODY = YES;
				CLANG_WARN_ENUM_CONVERSION = YES;
				CLANG_WARN_INFINITE_RECURSION = YES;
				CLANG_WARN_INT_CONVERSION = YES;
				CLANG_WARN_NON_LITERAL_NULL_CONVERSION = YES;
				CLANG_WARN_OBJC_LITERAL_CONVERSION = YES;
				CLANG_WARN_OBJC_ROOT_CLASS = YES_ERROR;
				CLANG_WARN_RANGE_LOOP_ANALYSIS = YES;
				CLANG_WARN_STRICT_PROTOTYPES = YES;
				CLANG_WARN_SUSPICIOUS_MOVE = YES;
				CLANG_WARN_UNGUARDED_AVAILABILITY = YES_AGGRESSIVE;
				CLANG_WARN_UNREACHABLE_CODE = YES;
				CLANG_WARN__DUPLICATE_METHOD_MATCH = YES;
				CODE_SIGN_IDENTITY = "iPhone Developer";
				COPY_PHASE_STRIP = NO;
				DEBUG_INFORMATION_FORMAT = "dwarf-with-dsym";
				ENABLE_NS_ASSERTIONS = NO;
				ENABLE_STRICT_OBJC_MSGSEND = YES;
				GCC_C_LANGUAGE_STANDARD = gnu11;
				GCC_NO_COMMON_BLOCKS = YES;
				GCC_WARN_64_TO_32_BIT_CONVERSION = YES;
				GCC_WARN_ABOUT_RETURN_TYPE = YES_ERROR;
				GCC_WARN_UNDECLARED_SELECTOR = YES;
				GCC_WARN_UNINITIALIZED_AUTOS = YES_AGGRESSIVE;
				GCC_WARN_UNUSED_FUNCTION = YES;
				GCC_WARN_UNUSED_VARIABLE = YES;
				IPHONEOS_DEPLOYMENT_TARGET = 11.2;
				MTL_ENABLE_DEBUG_INFO = NO;
				SDKROOT = iphoneos;
				SWIFT_OPTIMIZATION_LEVEL = "-Owholemodule";
				VALIDATE_PRODUCT = YES;
			};
			name = Release;
		};
		AB1F77D82006A0DD003EB828 /* Debug */ = {
			isa = XCBuildConfiguration;
			buildSettings = {
				ASSETCATALOG_COMPILER_APPICON_NAME = AppIcon;
				CODE_SIGN_STYLE = Automatic;
				INFOPLIST_FILE = iOSQuiz/Info.plist;
				LD_RUNPATH_SEARCH_PATHS = "$(inherited) @executable_path/Frameworks";
				PRODUCT_BUNDLE_IDENTIFIER = com.mrojo.iOSQuiz;
				PRODUCT_NAME = "$(TARGET_NAME)";
				SWIFT_VERSION = 4.0;
				TARGETED_DEVICE_FAMILY = "1,2";
			};
			name = Debug;
		};
		AB1F77D92006A0DD003EB828 /* Release */ = {
			isa = XCBuildConfiguration;
			buildSettings = {
				ASSETCATALOG_COMPILER_APPICON_NAME = AppIcon;
				CODE_SIGN_STYLE = Automatic;
				INFOPLIST_FILE = iOSQuiz/Info.plist;
				LD_RUNPATH_SEARCH_PATHS = "$(inherited) @executable_path/Frameworks";
				PRODUCT_BUNDLE_IDENTIFIER = com.mrojo.iOSQuiz;
				PRODUCT_NAME = "$(TARGET_NAME)";
				SWIFT_VERSION = 4.0;
				TARGETED_DEVICE_FAMILY = "1,2";
			};
			name = Release;
		};
		AB1F77DB2006A0DD003EB828 /* Debug */ = {
			isa = XCBuildConfiguration;
			buildSettings = {
				ALWAYS_EMBED_SWIFT_STANDARD_LIBRARIES = YES;
				BUNDLE_LOADER = "$(TEST_HOST)";
				CODE_SIGN_STYLE = Automatic;
				INFOPLIST_FILE = iOSQuizTests/Info.plist;
				LD_RUNPATH_SEARCH_PATHS = "$(inherited) @executable_path/Frameworks @loader_path/Frameworks";
				PRODUCT_BUNDLE_IDENTIFIER = com.mrojo.iOSQuizTests;
				PRODUCT_NAME = "$(TARGET_NAME)";
				SWIFT_VERSION = 4.0;
				TARGETED_DEVICE_FAMILY = "1,2";
				TEST_HOST = "$(BUILT_PRODUCTS_DIR)/iOSQuiz.app/iOSQuiz";
			};
			name = Debug;
		};
		AB1F77DC2006A0DD003EB828 /* Release */ = {
			isa = XCBuildConfiguration;
			buildSettings = {
				ALWAYS_EMBED_SWIFT_STANDARD_LIBRARIES = YES;
				BUNDLE_LOADER = "$(TEST_HOST)";
				CODE_SIGN_STYLE = Automatic;
				INFOPLIST_FILE = iOSQuizTests/Info.plist;
				LD_RUNPATH_SEARCH_PATHS = "$(inherited) @executable_path/Frameworks @loader_path/Frameworks";
				PRODUCT_BUNDLE_IDENTIFIER = com.mrojo.iOSQuizTests;
				PRODUCT_NAME = "$(TARGET_NAME)";
				SWIFT_VERSION = 4.0;
				TARGETED_DEVICE_FAMILY = "1,2";
				TEST_HOST = "$(BUILT_PRODUCTS_DIR)/iOSQuiz.app/iOSQuiz";
			};
			name = Release;
		};
		AB1F77DE2006A0DD003EB828 /* Debug */ = {
			isa = XCBuildConfiguration;
			buildSettings = {
				ALWAYS_EMBED_SWIFT_STANDARD_LIBRARIES = YES;
				CODE_SIGN_STYLE = Automatic;
				INFOPLIST_FILE = iOSQuizUITests/Info.plist;
				LD_RUNPATH_SEARCH_PATHS = "$(inherited) @executable_path/Frameworks @loader_path/Frameworks";
				PRODUCT_BUNDLE_IDENTIFIER = com.mrojo.iOSQuizUITests;
				PRODUCT_NAME = "$(TARGET_NAME)";
				SWIFT_VERSION = 4.0;
				TARGETED_DEVICE_FAMILY = "1,2";
				TEST_TARGET_NAME = iOSQuiz;
			};
			name = Debug;
		};
		AB1F77DF2006A0DD003EB828 /* Release */ = {
			isa = XCBuildConfiguration;
			buildSettings = {
				ALWAYS_EMBED_SWIFT_STANDARD_LIBRARIES = YES;
				CODE_SIGN_STYLE = Automatic;
				INFOPLIST_FILE = iOSQuizUITests/Info.plist;
				LD_RUNPATH_SEARCH_PATHS = "$(inherited) @executable_path/Frameworks @loader_path/Frameworks";
				PRODUCT_BUNDLE_IDENTIFIER = com.mrojo.iOSQuizUITests;
				PRODUCT_NAME = "$(TARGET_NAME)";
				SWIFT_VERSION = 4.0;
				TARGETED_DEVICE_FAMILY = "1,2";
				TEST_TARGET_NAME = iOSQuiz;
			};
			name = Release;
		};
/* End XCBuildConfiguration section */

/* Begin XCConfigurationList section */
		AB1F77AA2006A0DC003EB828 /* Build configuration list for PBXProject "iOSQuiz" */ = {
			isa = XCConfigurationList;
			buildConfigurations = (
				AB1F77D52006A0DD003EB828 /* Debug */,
				AB1F77D62006A0DD003EB828 /* Release */,
			);
			defaultConfigurationIsVisible = 0;
			defaultConfigurationName = Release;
		};
		AB1F77D72006A0DD003EB828 /* Build configuration list for PBXNativeTarget "iOSQuiz" */ = {
			isa = XCConfigurationList;
			buildConfigurations = (
				AB1F77D82006A0DD003EB828 /* Debug */,
				AB1F77D92006A0DD003EB828 /* Release */,
			);
			defaultConfigurationIsVisible = 0;
			defaultConfigurationName = Release;
		};
		AB1F77DA2006A0DD003EB828 /* Build configuration list for PBXNativeTarget "iOSQuizTests" */ = {
			isa = XCConfigurationList;
			buildConfigurations = (
				AB1F77DB2006A0DD003EB828 /* Debug */,
				AB1F77DC2006A0DD003EB828 /* Release */,
			);
			defaultConfigurationIsVisible = 0;
			defaultConfigurationName = Release;
		};
		AB1F77DD2006A0DD003EB828 /* Build configuration list for PBXNativeTarget "iOSQuizUITests" */ = {
			isa = XCConfigurationList;
			buildConfigurations = (
				AB1F77DE2006A0DD003EB828 /* Debug */,
				AB1F77DF2006A0DD003EB828 /* Release */,
			);
			defaultConfigurationIsVisible = 0;
			defaultConfigurationName = Release;
		};
/* End XCConfigurationList section */
	};
	rootObject = AB1F77A72006A0DC003EB828 /* Project object */;
}
